
Microsoft Visual Studio Solution File, Format Version 12.00
# Visual Studio Version 16
VisualStudioVersion = 16.0.30011.22
MinimumVisualStudioVersion = 10.0.40219.1
Project("{FAE04EC0-301F-11D3-BF4B-00C04F79EFBC}") = "RMC", "RMC.csproj", "{E7B2996C-F0CF-4CD0-8FD2-877A8F486AF9}"
EndProject
Project("{54435603-DBB4-11D2-8724-00A0C9A8B90C}") = "RMCInstaller", "..\RMCInstaller\RMCInstaller.vdproj", "{416EFB96-E67A-44B5-889C-69714ACCCBF8}"
EndProject
Global
	GlobalSection(SolutionConfigurationPlatforms) = preSolution
		Debug|Any CPU = Debug|Any CPU
		Release|Any CPU = Release|Any CPU
	EndGlobalSection
	GlobalSection(ProjectConfigurationPlatforms) = postSolution
		{E7B2996C-F0CF-4CD0-8FD2-877A8F486AF9}.Debug|Any CPU.ActiveCfg = Debug|Any CPU
		{E7B2996C-F0CF-4CD0-8FD2-877A8F486AF9}.Debug|Any CPU.Build.0 = Debug|Any CPU
		{E7B2996C-F0CF-4CD0-8FD2-877A8F486AF9}.Release|Any CPU.ActiveCfg = Release|Any CPU
		{E7B2996C-F0CF-4CD0-8FD2-877A8F486AF9}.Release|Any CPU.Build.0 = Release|Any CPU
		{416EFB96-E67A-44B5-889C-69714ACCCBF8}.Debug|Any CPU.ActiveCfg = Debug
		{416EFB96-E67A-44B5-889C-69714ACCCBF8}.Release|Any CPU.ActiveCfg = Release
	EndGlobalSection
	GlobalSection(SolutionProperties) = preSolution
		HideSolutionNode = FALSE
	EndGlobalSection
	GlobalSection(ExtensibilityGlobals) = postSolution
		SolutionGuid = {6928F79C-E45C-47E5-97FF-465DA1785A9C}
	EndGlobalSection
EndGlobal
